// !$*UTF8*$!
{
	archiveVersion = 1;
	classes = {
	};
	objectVersion = 50;
	objects = {

/* Begin PBXBuildFile section */
		D787549E26281AC100CBE2CE /* TaskListView.swift in Sources */ = {isa = PBXBuildFile; fileRef = D787549A26281AC100CBE2CE /* TaskListView.swift */; };
		D787549F26281AC100CBE2CE /* TaskListView.swift in Sources */ = {isa = PBXBuildFile; fileRef = D787549A26281AC100CBE2CE /* TaskListView.swift */; };
		D78754A026281AC100CBE2CE /* TaskStore.swift in Sources */ = {isa = PBXBuildFile; fileRef = D787549B26281AC100CBE2CE /* TaskStore.swift */; };
		D78754A126281AC100CBE2CE /* TaskStore.swift in Sources */ = {isa = PBXBuildFile; fileRef = D787549B26281AC100CBE2CE /* TaskStore.swift */; };
		D78754A226281AC100CBE2CE /* TaskView.swift in Sources */ = {isa = PBXBuildFile; fileRef = D787549C26281AC100CBE2CE /* TaskView.swift */; };
		D78754A326281AC100CBE2CE /* TaskView.swift in Sources */ = {isa = PBXBuildFile; fileRef = D787549C26281AC100CBE2CE /* TaskView.swift */; };
		D78754A426281AC100CBE2CE /* Task.swift in Sources */ = {isa = PBXBuildFile; fileRef = D787549D26281AC100CBE2CE /* Task.swift */; };
		D78754A526281AC100CBE2CE /* Task.swift in Sources */ = {isa = PBXBuildFile; fileRef = D787549D26281AC100CBE2CE /* Task.swift */; };
		D79BBC20262773E500A91FBC /* TahDoodleApp.swift in Sources */ = {isa = PBXBuildFile; fileRef = D79BBC0D262773E400A91FBC /* TahDoodleApp.swift */; };
		D79BBC21262773E500A91FBC /* TahDoodleApp.swift in Sources */ = {isa = PBXBuildFile; fileRef = D79BBC0D262773E400A91FBC /* TahDoodleApp.swift */; };
		D79BBC22262773E500A91FBC /* ContentView.swift in Sources */ = {isa = PBXBuildFile; fileRef = D79BBC0E262773E400A91FBC /* ContentView.swift */; };
		D79BBC23262773E500A91FBC /* ContentView.swift in Sources */ = {isa = PBXBuildFile; fileRef = D79BBC0E262773E400A91FBC /* ContentView.swift */; };
		D79BBC24262773E500A91FBC /* Assets.xcassets in Resources */ = {isa = PBXBuildFile; fileRef = D79BBC0F262773E500A91FBC /* Assets.xcassets */; };
		D79BBC25262773E500A91FBC /* Assets.xcassets in Resources */ = {isa = PBXBuildFile; fileRef = D79BBC0F262773E500A91FBC /* Assets.xcassets */; };
/* End PBXBuildFile section */

/* Begin PBXFileReference section */
		D787549A26281AC100CBE2CE /* TaskListView.swift */ = {isa = PBXFileReference; fileEncoding = 4; lastKnownFileType = sourcecode.swift; path = TaskListView.swift; sourceTree = "<group>"; };
		D787549B26281AC100CBE2CE /* TaskStore.swift */ = {isa = PBXFileReference; fileEncoding = 4; lastKnownFileType = sourcecode.swift; path = TaskStore.swift; sourceTree = "<group>"; };
		D787549C26281AC100CBE2CE /* TaskView.swift */ = {isa = PBXFileReference; fileEncoding = 4; lastKnownFileType = sourcecode.swift; path = TaskView.swift; sourceTree = "<group>"; };
		D787549D26281AC100CBE2CE /* Task.swift */ = {isa = PBXFileReference; fileEncoding = 4; lastKnownFileType = sourcecode.swift; path = Task.swift; sourceTree = "<group>"; };
		D79BBC0D262773E400A91FBC /* TahDoodleApp.swift */ = {isa = PBXFileReference; lastKnownFileType = sourcecode.swift; path = TahDoodleApp.swift; sourceTree = "<group>"; };
		D79BBC0E262773E400A91FBC /* ContentView.swift */ = {isa = PBXFileReference; lastKnownFileType = sourcecode.swift; path = ContentView.swift; sourceTree = "<group>"; };
		D79BBC0F262773E500A91FBC /* Assets.xcassets */ = {isa = PBXFileReference; lastKnownFileType = folder.assetcatalog; path = Assets.xcassets; sourceTree = "<group>"; };
		D79BBC14262773E500A91FBC /* TahDoodle.app */ = {isa = PBXFileReference; explicitFileType = wrapper.application; includeInIndex = 0; path = TahDoodle.app; sourceTree = BUILT_PRODUCTS_DIR; };
		D79BBC17262773E500A91FBC /* Info.plist */ = {isa = PBXFileReference; lastKnownFileType = text.plist.xml; path = Info.plist; sourceTree = "<group>"; };
		D79BBC1C262773E500A91FBC /* TahDoodle.app */ = {isa = PBXFileReference; explicitFileType = wrapper.application; includeInIndex = 0; path = TahDoodle.app; sourceTree = BUILT_PRODUCTS_DIR; };
		D79BBC1E262773E500A91FBC /* Info.plist */ = {isa = PBXFileReference; lastKnownFileType = text.plist.xml; path = Info.plist; sourceTree = "<group>"; };
		D79BBC1F262773E500A91FBC /* macOS.entitlements */ = {isa = PBXFileReference; lastKnownFileType = text.plist.entitlements; path = macOS.entitlements; sourceTree = "<group>"; };
/* End PBXFileReference section */

/* Begin PBXFrameworksBuildPhase section */
		D79BBC11262773E500A91FBC /* Frameworks */ = {
			isa = PBXFrameworksBuildPhase;
			buildActionMask = 2147483647;
			files = (
			);
			runOnlyForDeploymentPostprocessing = 0;
		};
		D79BBC19262773E500A91FBC /* Frameworks */ = {
			isa = PBXFrameworksBuildPhase;
			buildActionMask = 2147483647;
			files = (
			);
			runOnlyForDeploymentPostprocessing = 0;
		};
/* End PBXFrameworksBuildPhase section */

/* Begin PBXGroup section */
		D79BBC07262773E300A91FBC = {
			isa = PBXGroup;
			children = (
				D79BBC0C262773E400A91FBC /* Shared */,
				D79BBC16262773E500A91FBC /* iOS */,
				D79BBC1D262773E500A91FBC /* macOS */,
				D79BBC15262773E500A91FBC /* Products */,
			);
			sourceTree = "<group>";
		};
		D79BBC0C262773E400A91FBC /* Shared */ = {
			isa = PBXGroup;
			children = (
				D787549D26281AC100CBE2CE /* Task.swift */,
				D787549A26281AC100CBE2CE /* TaskListView.swift */,
				D787549B26281AC100CBE2CE /* TaskStore.swift */,
				D787549C26281AC100CBE2CE /* TaskView.swift */,
				D79BBC0D262773E400A91FBC /* TahDoodleApp.swift */,
				D79BBC0E262773E400A91FBC /* ContentView.swift */,
				D79BBC0F262773E500A91FBC /* Assets.xcassets */,
			);
			path = Shared;
			sourceTree = "<group>";
		};
		D79BBC15262773E500A91FBC /* Products */ = {
			isa = PBXGroup;
			children = (
				D79BBC14262773E500A91FBC /* TahDoodle.app */,
				D79BBC1C262773E500A91FBC /* TahDoodle.app */,
			);
			name = Products;
			sourceTree = "<group>";
		};
		D79BBC16262773E500A91FBC /* iOS */ = {
			isa = PBXGroup;
			children = (
				D79BBC17262773E500A91FBC /* Info.plist */,
			);
			path = iOS;
			sourceTree = "<group>";
		};
		D79BBC1D262773E500A91FBC /* macOS */ = {
			isa = PBXGroup;
			children = (
				D79BBC1E262773E500A91FBC /* Info.plist */,
				D79BBC1F262773E500A91FBC /* macOS.entitlements */,
			);
			path = macOS;
			sourceTree = "<group>";
		};
/* End PBXGroup section */

/* Begin PBXNativeTarget section */
		D79BBC13262773E500A91FBC /* TahDoodle (iOS) */ = {
			isa = PBXNativeTarget;
			buildConfigurationList = D79BBC28262773E500A91FBC /* Build configuration list for PBXNativeTarget "TahDoodle (iOS)" */;
			buildPhases = (
				D79BBC10262773E500A91FBC /* Sources */,
				D79BBC11262773E500A91FBC /* Frameworks */,
				D79BBC12262773E500A91FBC /* Resources */,
			);
			buildRules = (
			);
			dependencies = (
			);
			name = "TahDoodle (iOS)";
			productName = "TahDoodle (iOS)";
			productReference = D79BBC14262773E500A91FBC /* TahDoodle.app */;
			productType = "com.apple.product-type.application";
		};
		D79BBC1B262773E500A91FBC /* TahDoodle (macOS) */ = {
			isa = PBXNativeTarget;
			buildConfigurationList = D79BBC2B262773E500A91FBC /* Build configuration list for PBXNativeTarget "TahDoodle (macOS)" */;
			buildPhases = (
				D79BBC18262773E500A91FBC /* Sources */,
				D79BBC19262773E500A91FBC /* Frameworks */,
				D79BBC1A262773E500A91FBC /* Resources */,
			);
			buildRules = (
			);
			dependencies = (
			);
			name = "TahDoodle (macOS)";
			productName = "TahDoodle (macOS)";
			productReference = D79BBC1C262773E500A91FBC /* TahDoodle.app */;
			productType = "com.apple.product-type.application";
		};
/* End PBXNativeTarget section */

/* Begin PBXProject section */
		D79BBC08262773E300A91FBC /* Project object */ = {
			isa = PBXProject;
			attributes = {
				LastSwiftUpdateCheck = 1240;
				LastUpgradeCheck = 1240;
				TargetAttributes = {
					D79BBC13262773E500A91FBC = {
						CreatedOnToolsVersion = 12.4;
					};
					D79BBC1B262773E500A91FBC = {
						CreatedOnToolsVersion = 12.4;
					};
				};
			};
			buildConfigurationList = D79BBC0B262773E300A91FBC /* Build configuration list for PBXProject "TahDoodle" */;
			compatibilityVersion = "Xcode 9.3";
			developmentRegion = en;
			hasScannedForEncodings = 0;
			knownRegions = (
				en,
				Base,
			);
			mainGroup = D79BBC07262773E300A91FBC;
			productRefGroup = D79BBC15262773E500A91FBC /* Products */;
			projectDirPath = "";
			projectRoot = "";
			targets = (
				D79BBC13262773E500A91FBC /* TahDoodle (iOS) */,
				D79BBC1B262773E500A91FBC /* TahDoodle (macOS) */,
			);
		};
/* End PBXProject section */

/* Begin PBXResourcesBuildPhase section */
		D79BBC12262773E500A91FBC /* Resources */ = {
			isa = PBXResourcesBuildPhase;
			buildActionMask = 2147483647;
			files = (
				D79BBC24262773E500A91FBC /* Assets.xcassets in Resources */,
			);
			runOnlyForDeploymentPostprocessing = 0;
		};
		D79BBC1A262773E500A91FBC /* Resources */ = {
			isa = PBXResourcesBuildPhase;
			buildActionMask = 2147483647;
			files = (
				D79BBC25262773E500A91FBC /* Assets.xcassets in Resources */,
			);
			runOnlyForDeploymentPostprocessing = 0;
		};
/* End PBXResourcesBuildPhase section */

/* Begin PBXSourcesBuildPhase section */
		D79BBC10262773E500A91FBC /* Sources */ = {
			isa = PBXSourcesBuildPhase;
			buildActionMask = 2147483647;
			files = (
				D79BBC22262773E500A91FBC /* ContentView.swift in Sources */,
				D79BBC20262773E500A91FBC /* TahDoodleApp.swift in Sources */,
				D78754A026281AC100CBE2CE /* TaskStore.swift in Sources */,
				D78754A226281AC100CBE2CE /* TaskView.swift in Sources */,
				D78754A426281AC100CBE2CE /* Task.swift in Sources */,
				D787549E26281AC100CBE2CE /* TaskListView.swift in Sources */,
			);
			runOnlyForDeploymentPostprocessing = 0;
		};
		D79BBC18262773E500A91FBC /* Sources */ = {
			isa = PBXSourcesBuildPhase;
			buildActionMask = 2147483647;
			files = (
				D79BBC23262773E500A91FBC /* ContentView.swift in Sources */,
				D79BBC21262773E500A91FBC /* TahDoodleApp.swift in Sources */,
				D78754A126281AC100CBE2CE /* TaskStore.swift in Sources */,
				D78754A326281AC100CBE2CE /* TaskView.swift in Sources */,
				D78754A526281AC100CBE2CE /* Task.swift in Sources */,
				D787549F26281AC100CBE2CE /* TaskListView.swift in Sources */,
			);
			runOnlyForDeploymentPostprocessing = 0;
		};
/* End PBXSourcesBuildPhase section */

/* Begin XCBuildConfiguration section */
		D79BBC26262773E500A91FBC /* Debug */ = {
			isa = XCBuildConfiguration;
			buildSettings = {
				ALWAYS_SEARCH_USER_PATHS = NO;
				CLANG_ANALYZER_NONNULL = YES;
				CLANG_ANALYZER_NUMBER_OBJECT_CONVERSION = YES_AGGRESSIVE;
				CLANG_CXX_LANGUAGE_STANDARD = "gnu++14";
				CLANG_CXX_LIBRARY = "libc++";
				CLANG_ENABLE_MODULES = YES;
				CLANG_ENABLE_OBJC_ARC = YES;
				CLANG_ENABLE_OBJC_WEAK = YES;
				CLANG_WARN_BLOCK_CAPTURE_AUTORELEASING = YES;
				CLANG_WARN_BOOL_CONVERSION = YES;
				CLANG_WARN_COMMA = YES;
				CLANG_WARN_CONSTANT_CONVERSION = YES;
				CLANG_WARN_DEPRECATED_OBJC_IMPLEMENTATIONS = YES;
				CLANG_WARN_DIRECT_OBJC_ISA_USAGE = YES_ERROR;
				CLANG_WARN_DOCUMENTATION_COMMENTS = YES;
				CLANG_WARN_EMPTY_BODY = YES;
				CLANG_WARN_ENUM_CONVERSION = YES;
				CLANG_WARN_INFINITE_RECURSION = YES;
				CLANG_WARN_INT_CONVERSION = YES;
				CLANG_WARN_NON_LITERAL_NULL_CONVERSION = YES;
				CLANG_WARN_OBJC_IMPLICIT_RETAIN_SELF = YES;
				CLANG_WARN_OBJC_LITERAL_CONVERSION = YES;
				CLANG_WARN_OBJC_ROOT_CLASS = YES_ERROR;
				CLANG_WARN_QUOTED_INCLUDE_IN_FRAMEWORK_HEADER = YES;
				CLANG_WARN_RANGE_LOOP_ANALYSIS = YES;
				CLANG_WARN_STRICT_PROTOTYPES = YES;
				CLANG_WARN_SUSPICIOUS_MOVE = YES;
				CLANG_WARN_UNGUARDED_AVAILABILITY = YES_AGGRESSIVE;
				CLANG_WARN_UNREACHABLE_CODE = YES;
				CLANG_WARN__DUPLICATE_METHOD_MATCH = YES;
				COPY_PHASE_STRIP = NO;
				DEBUG_INFORMATION_FORMAT = dwarf;
				ENABLE_STRICT_OBJC_MSGSEND = YES;
				ENABLE_TESTABILITY = YES;
				GCC_C_LANGUAGE_STANDARD = gnu11;
				GCC_DYNAMIC_NO_PIC = NO;
				GCC_NO_COMMON_BLOCKS = YES;
				GCC_OPTIMIZATION_LEVEL = 0;
				GCC_PREPROCESSOR_DEFINITIONS = (
					"DEBUG=1",
					"$(inherited)",
				);
				GCC_WARN_64_TO_32_BIT_CONVERSION = YES;
				GCC_WARN_ABOUT_RETURN_TYPE = YES_ERROR;
				GCC_WARN_UNDECLARED_SELECTOR = YES;
				GCC_WARN_UNINITIALIZED_AUTOS = YES_AGGRESSIVE;
				GCC_WARN_UNUSED_FUNCTION = YES;
				GCC_WARN_UNUSED_VARIABLE = YES;
				MTL_ENABLE_DEBUG_INFO = INCLUDE_SOURCE;
				MTL_FAST_MATH = YES;
				ONLY_ACTIVE_ARCH = YES;
				SWIFT_ACTIVE_COMPILATION_CONDITIONS = DEBUG;
				SWIFT_OPTIMIZATION_LEVEL = "-Onone";
			};
			name = Debug;
		};
		D79BBC27262773E500A91FBC /* Release */ = {
			isa = XCBuildConfiguration;
			buildSettings = {
				ALWAYS_SEARCH_USER_PATHS = NO;
				CLANG_ANALYZER_NONNULL = YES;
				CLANG_ANALYZER_NUMBER_OBJECT_CONVERSION = YES_AGGRESSIVE;
				CLANG_CXX_LANGUAGE_STANDARD = "gnu++14";
				CLANG_CXX_LIBRARY = "libc++";
				CLANG_ENABLE_MODULES = YES;
				CLANG_ENABLE_OBJC_ARC = YES;
				CLANG_ENABLE_OBJC_WEAK = YES;
				CLANG_WARN_BLOCK_CAPTURE_AUTORELEASING = YES;
				CLANG_WARN_BOOL_CONVERSION = YES;
				CLANG_WARN_COMMA = YES;
				CLANG_WARN_CONSTANT_CONVERSION = YES;
				CLANG_WARN_DEPRECATED_OBJC_IMPLEMENTATIONS = YES;
				CLANG_WARN_DIRECT_OBJC_ISA_USAGE = YES_ERROR;
				CLANG_WARN_DOCUMENTATION_COMMENTS = YES;
				CLANG_WARN_EMPTY_BODY = YES;
				CLANG_WARN_ENUM_CONVERSION = YES;
				CLANG_WARN_INFINITE_RECURSION = YES;
				CLANG_WARN_INT_CONVERSION = YES;
				CLANG_WARN_NON_LITERAL_NULL_CONVERSION = YES;
				CLANG_WARN_OBJC_IMPLICIT_RETAIN_SELF = YES;
				CLANG_WARN_OBJC_LITERAL_CONVERSION = YES;
				CLANG_WARN_OBJC_ROOT_CLASS = YES_ERROR;
				CLANG_WARN_QUOTED_INCLUDE_IN_FRAMEWORK_HEADER = YES;
				CLANG_WARN_RANGE_LOOP_ANALYSIS = YES;
				CLANG_WARN_STRICT_PROTOTYPES = YES;
				CLANG_WARN_SUSPICIOUS_MOVE = YES;
				CLANG_WARN_UNGUARDED_AVAILABILITY = YES_AGGRESSIVE;
				CLANG_WARN_UNREACHABLE_CODE = YES;
				CLANG_WARN__DUPLICATE_METHOD_MATCH = YES;
				COPY_PHASE_STRIP = NO;
				DEBUG_INFORMATION_FORMAT = "dwarf-with-dsym";
				ENABLE_NS_ASSERTIONS = NO;
				ENABLE_STRICT_OBJC_MSGSEND = YES;
				GCC_C_LANGUAGE_STANDARD = gnu11;
				GCC_NO_COMMON_BLOCKS = YES;
				GCC_WARN_64_TO_32_BIT_CONVERSION = YES;
				GCC_WARN_ABOUT_RETURN_TYPE = YES_ERROR;
				GCC_WARN_UNDECLARED_SELECTOR = YES;
				GCC_WARN_UNINITIALIZED_AUTOS = YES_AGGRESSIVE;
				GCC_WARN_UNUSED_FUNCTION = YES;
				GCC_WARN_UNUSED_VARIABLE = YES;
				MTL_ENABLE_DEBUG_INFO = NO;
				MTL_FAST_MATH = YES;
				SWIFT_COMPILATION_MODE = wholemodule;
				SWIFT_OPTIMIZATION_LEVEL = "-O";
			};
			name = Release;
		};
		D79BBC29262773E500A91FBC /* Debug */ = {
			isa = XCBuildConfiguration;
			buildSettings = {
				ASSETCATALOG_COMPILER_APPICON_NAME = AppIcon;
				ASSETCATALOG_COMPILER_GLOBAL_ACCENT_COLOR_NAME = AccentColor;
				CODE_SIGN_STYLE = Automatic;
				DEVELOPMENT_TEAM = 4BBK94JFPV;
				ENABLE_PREVIEWS = YES;
				INFOPLIST_FILE = iOS/Info.plist;
				IPHONEOS_DEPLOYMENT_TARGET = 14.0;
				LD_RUNPATH_SEARCH_PATHS = (
					"$(inherited)",
					"@executable_path/Frameworks",
				);
				PRODUCT_BUNDLE_IDENTIFIER = com.indysoftware.TahDoodle;
				PRODUCT_NAME = TahDoodle;
				SDKROOT = iphoneos;
				SWIFT_VERSION = 5.0;
				TARGETED_DEVICE_FAMILY = "1,2";
			};
			name = Debug;
		};
		D79BBC2A262773E500A91FBC /* Release */ = {
			isa = XCBuildConfiguration;
			buildSettings = {
				ASSETCATALOG_COMPILER_APPICON_NAME = AppIcon;
				ASSETCATALOG_COMPILER_GLOBAL_ACCENT_COLOR_NAME = AccentColor;
				CODE_SIGN_STYLE = Automatic;
				DEVELOPMENT_TEAM = 4BBK94JFPV;
				ENABLE_PREVIEWS = YES;
				INFOPLIST_FILE = iOS/Info.plist;
				IPHONEOS_DEPLOYMENT_TARGET = 14.0;
				LD_RUNPATH_SEARCH_PATHS = (
					"$(inherited)",
					"@executable_path/Frameworks",
				);
				PRODUCT_BUNDLE_IDENTIFIER = com.indysoftware.TahDoodle;
				PRODUCT_NAME = TahDoodle;
				SDKROOT = iphoneos;
				SWIFT_VERSION = 5.0;
				TARGETED_DEVICE_FAMILY = "1,2";
				VALIDATE_PRODUCT = YES;
			};
			name = Release;
		};
		D79BBC2C262773E500A91FBC /* Debug */ = {
			isa = XCBuildConfiguration;
			buildSettings = {
				ASSETCATALOG_COMPILER_APPICON_NAME = AppIcon;
				ASSETCATALOG_COMPILER_GLOBAL_ACCENT_COLOR_NAME = AccentColor;
				CODE_SIGN_ENTITLEMENTS = macOS/macOS.entitlements;
				CODE_SIGN_STYLE = Automatic;
				COMBINE_HIDPI_IMAGES = YES;
				DEVELOPMENT_TEAM = 4BBK94JFPV;
				ENABLE_HARDENED_RUNTIME = YES;
				ENABLE_PREVIEWS = YES;
				INFOPLIST_FILE = macOS/Info.plist;
				LD_RUNPATH_SEARCH_PATHS = (
					"$(inherited)",
					"@executable_path/../Frameworks",
				);
				MACOSX_DEPLOYMENT_TARGET = 11.0;
				PRODUCT_BUNDLE_IDENTIFIER = com.indysoftware.TahDoodle;
				PRODUCT_NAME = TahDoodle;
				SDKROOT = macosx;
				SWIFT_VERSION = 5.0;
			};
			name = Debug;
		};
		D79BBC2D262773E500A91FBC /* Release */ = {
			isa = XCBuildConfiguration;
			buildSettings = {
				ASSETCATALOG_COMPILER_APPICON_NAME = AppIcon;
				ASSETCATALOG_COMPILER_GLOBAL_ACCENT_COLOR_NAME = AccentColor;
				CODE_SIGN_ENTITLEMENTS = macOS/macOS.entitlements;
				CODE_SIGN_STYLE = Automatic;
				COMBINE_HIDPI_IMAGES = YES;
				DEVELOPMENT_TEAM = 4BBK94JFPV;
				ENABLE_HARDENED_RUNTIME = YES;
				ENABLE_PREVIEWS = YES;
				INFOPLIST_FILE = macOS/Info.plist;
				LD_RUNPATH_SEARCH_PATHS = (
					"$(inherited)",
					"@executable_path/../Frameworks",
				);
				MACOSX_DEPLOYMENT_TARGET = 11.0;
				PRODUCT_BUNDLE_IDENTIFIER = com.indysoftware.TahDoodle;
				PRODUCT_NAME = TahDoodle;
				SDKROOT = macosx;
				SWIFT_VERSION = 5.0;
			};
			name = Release;
		};
/* End XCBuildConfiguration section */

/* Begin XCConfigurationList section */
		D79BBC0B262773E300A91FBC /* Build configuration list for PBXProject "TahDoodle" */ = {
			isa = XCConfigurationList;
			buildConfigurations = (
				D79BBC26262773E500A91FBC /* Debug */,
				D79BBC27262773E500A91FBC /* Release */,
			);
			defaultConfigurationIsVisible = 0;
			defaultConfigurationName = Release;
		};
		D79BBC28262773E500A91FBC /* Build configuration list for PBXNativeTarget "TahDoodle (iOS)" */ = {
			isa = XCConfigurationList;
			buildConfigurations = (
				D79BBC29262773E500A91FBC /* Debug */,
				D79BBC2A262773E500A91FBC /* Release */,
			);
			defaultConfigurationIsVisible = 0;
			defaultConfigurationName = Release;
		};
		D79BBC2B262773E500A91FBC /* Build configuration list for PBXNativeTarget "TahDoodle (macOS)" */ = {
			isa = XCConfigurationList;
			buildConfigurations = (
				D79BBC2C262773E500A91FBC /* Debug */,
				D79BBC2D262773E500A91FBC /* Release */,
			);
			defaultConfigurationIsVisible = 0;
			defaultConfigurationName = Release;
		};
/* End XCConfigurationList section */
	};
	rootObject = D79BBC08262773E300A91FBC /* Project object */;
}
